PODS:
  - AppAuth (2.1.0):
    - AppAuth/Core (= 2.1.0)
    - AppAuth/ExternalUserAgent (= 2.1.0)
  - AppAuth/Core (2.1.0)
  - AppAuth/ExternalUserAgent (2.1.0):
    - AppAuth/Core
  - AppCheckCore (11.3.2):
    - GoogleUtilities/Environment (~> 8.0)
    - GoogleUtilities/UserDefaults (~> 8.0)
    - PromisesObjC (~> 2.4)
    - PromisesSwift (~> 2.4)
    - RecaptchaInterop (~> 101.0)
  - Capacitor (8.5.2):
    - CapacitorCordova
  - CapacitorApp (8.1.2):
    - Capacitor
  - CapacitorCloudkit (4.0.0):
    - Capacitor
  - CapacitorCommunityInAppReview (8.0.0):
    - Capacitor
  - CapacitorCommunityMedia (9.1.0):
    - Capacitor
    - SDWebImage
  - CapacitorCordova (8.5.2)
  - CapacitorDevice (8.0.3):
    - Capacitor
  - CapacitorFilesystem (8.1.4):
    - Capacitor
    - IONFilesystemLib (~> 2.0.0)
  - CapacitorFirebaseAnalytics (8.5.2):
    - Capacitor
    - CapacitorFirebaseAnalytics/Lite (= 8.5.2)
  - CapacitorFirebaseAnalytics/Analytics (8.5.2):
    - Capacitor
    - FirebaseAnalytics/Core (~> 12.7)
    - FirebaseAnalytics/IdentitySupport (~> 12.7)
  - CapacitorFirebaseAnalytics/Lite (8.5.2):
    - Capacitor
  - CapacitorFirebaseAuthentication (8.5.2):
    - Capacitor
    - CapacitorFirebaseAuthentication/Lite (= 8.5.2)
    - FirebaseAuth (~> 12.7)
  - CapacitorFirebaseAuthentication/Google (8.5.2):
    - Capacitor
    - FirebaseAuth (~> 12.7)
    - GoogleSignIn (~> 9.0)
  - CapacitorFirebaseAuthentication/Lite (8.5.2):
    - Capacitor
    - FirebaseAuth (~> 12.7)
  - CapacitorFirebaseMessaging (8.5.2):
    - Capacitor
    - FirebaseMessaging (~> 12.7)
  - CapacitorHaptics (8.0.2):
    - Capacitor
  - CapacitorKeyboard (8.0.6):
    - Capacitor
  - CapacitorLocalNotifications (8.3.1):
    - Capacitor
  - CapacitorShare (8.0.3):
    - Capacitor
  - CapacitorStatusBar (8.0.4):
    - Capacitor
  - CapacitorWidgetsbridgePlugin (0.2.1):
    - Capacitor
  - FirebaseAnalytics/Core (12.19.0):
    - FirebaseCore (~> 12.19.0)
    - FirebaseInstallations (~> 12.19.0)
    - GoogleAppMeasurement/Core (= 12.19.0)
    - GoogleUtilities/AppDelegateSwizzler (~> 8.1)
    - GoogleUtilities/MethodSwizzler (~> 8.1)
    - GoogleUtilities/Network (~> 8.1)
    - "GoogleUtilities/NSData+zlib (~> 8.1)"
    - nanopb (~> 3.30910.0)
  - FirebaseAnalytics/IdentitySupport (12.19.0):
    - FirebaseCore (~> 12.19.0)
    - FirebaseInstallations (~> 12.19.0)
    - GoogleAppMeasurement/IdentitySupport (= 12.19.0)
    - GoogleUtilities/AppDelegateSwizzler (~> 8.1)
    - GoogleUtilities/MethodSwizzler (~> 8.1)
    - GoogleUtilities/Network (~> 8.1)
    - "GoogleUtilities/NSData+zlib (~> 8.1)"
    - nanopb (~> 3.30910.0)
  - FirebaseAppCheckInterop (12.19.0)
  - FirebaseAuth (12.19.0):
    - FirebaseAppCheckInterop (~> 12.19.0)
    - FirebaseAuthInterop (~> 12.19.0)
    - FirebaseCore (~> 12.19.0)
    - FirebaseCoreExtension (~> 12.19.0)
    - GoogleUtilities/AppDelegateSwizzler (~> 8.1)
    - GoogleUtilities/Environment (~> 8.1)
    - GTMSessionFetcher/Core (< 6.0, >= 3.4)
    - RecaptchaInterop (~> 101.0)
  - FirebaseAuthInterop (12.19.0)
  - FirebaseCore (12.19.0):
    - FirebaseCoreInternal (~> 12.19.0)
    - GoogleUtilities/Environment (~> 8.1)
    - GoogleUtilities/Logger (~> 8.1)
  - FirebaseCoreExtension (12.19.0):
    - FirebaseCore (~> 12.19.0)
  - FirebaseCoreInternal (12.19.0):
    - "GoogleUtilities/NSData+zlib (~> 8.1)"
  - FirebaseCrashlytics (12.19.0):
    - FirebaseCore (~> 12.19.0)
    - FirebaseInstallations (~> 12.19.0)
    - FirebaseRemoteConfigInterop (~> 12.19.0)
    - FirebaseSessions (~> 12.19.0)
    - GoogleDataTransport (~> 10.1)
    - GoogleUtilities/Environment (~> 8.1)
    - nanopb (~> 3.30910.0)
    - PromisesObjC (~> 2.4)
  - FirebaseInstallations (12.19.0):
    - FirebaseCore (~> 12.19.0)
    - GoogleUtilities/Environment (~> 8.1)
    - GoogleUtilities/UserDefaults (~> 8.1)
    - PromisesObjC (~> 2.4)
  - FirebaseMessaging (12.19.0):
    - FirebaseCore (~> 12.19.0)
    - FirebaseInstallations (~> 12.19.0)
    - GoogleDataTransport (~> 10.1)
    - GoogleUtilities/AppDelegateSwizzler (~> 8.1)
    - GoogleUtilities/Environment (~> 8.1)
    - GoogleUtilities/Reachability (~> 8.1)
    - GoogleUtilities/UserDefaults (~> 8.1)
    - nanopb (~> 3.30910.0)
  - FirebaseRemoteConfigInterop (12.19.0)
  - FirebaseSessions (12.19.0):
    - FirebaseCore (~> 12.19.0)
    - FirebaseCoreExtension (~> 12.19.0)
    - FirebaseInstallations (~> 12.19.0)
    - GoogleDataTransport (~> 10.1)
    - GoogleUtilities/Environment (~> 8.1)
    - GoogleUtilities/UserDefaults (~> 8.1)
    - nanopb (~> 3.30910.0)
    - PromisesSwift (~> 2.1)
  - GoogleAppMeasurement/Core (12.19.0):
    - GoogleUtilities/AppDelegateSwizzler (~> 8.1)
    - GoogleUtilities/MethodSwizzler (~> 8.1)
    - GoogleUtilities/Network (~> 8.1)
    - "GoogleUtilities/NSData+zlib (~> 8.1)"
    - nanopb (~> 3.30910.0)
  - GoogleAppMeasurement/IdentitySupport (12.19.0):
    - GoogleAppMeasurement/Core (= 12.19.0)
    - GoogleUtilities/AppDelegateSwizzler (~> 8.1)
    - GoogleUtilities/MethodSwizzler (~> 8.1)
    - GoogleUtilities/Network (~> 8.1)
    - "GoogleUtilities/NSData+zlib (~> 8.1)"
    - nanopb (~> 3.30910.0)
  - GoogleDataTransport (10.1.1):
    - nanopb (~> 3.30910.0)
    - PromisesObjC (~> 2.4)
  - GoogleSignIn (9.2.0):
    - AppAuth (~> 2.1)
    - AppCheckCore (~> 11.0)
    - GTMAppAuth (~> 5.0)
    - GTMSessionFetcher/Core (~> 3.3)
  - GoogleUtilities/AppDelegateSwizzler (8.1.4):
    - GoogleUtilities/Environment
    - GoogleUtilities/Logger
    - GoogleUtilities/Network
    - GoogleUtilities/Privacy
  - GoogleUtilities/Environment (8.1.4):
    - GoogleUtilities/Privacy
  - GoogleUtilities/Logger (8.1.4):
    - GoogleUtilities/Environment
    - GoogleUtilities/Privacy
  - GoogleUtilities/MethodSwizzler (8.1.4):
    - GoogleUtilities/Logger
    - GoogleUtilities/Privacy
  - GoogleUtilities/Network (8.1.4):
    - GoogleUtilities/Logger
    - "GoogleUtilities/NSData+zlib"
    - GoogleUtilities/Privacy
    - GoogleUtilities/Reachability
  - "GoogleUtilities/NSData+zlib (8.1.4)":
    - GoogleUtilities/Privacy
  - GoogleUtilities/Privacy (8.1.4)
  - GoogleUtilities/Reachability (8.1.4):
    - GoogleUtilities/Logger
    - GoogleUtilities/Privacy
  - GoogleUtilities/UserDefaults (8.1.4):
    - GoogleUtilities/Logger
    - GoogleUtilities/Privacy
  - GTMAppAuth (5.0.0):
    - AppAuth/Core (~> 2.0)
    - GTMSessionFetcher/Core (< 4.0, >= 3.3)
  - GTMSessionFetcher/Core (3.5.0)
  - IONFilesystemLib (2.0.0)
  - nanopb (3.30910.0):
    - nanopb/decode (= 3.30910.0)
    - nanopb/encode (= 3.30910.0)
  - nanopb/decode (3.30910.0)
  - nanopb/encode (3.30910.0)
  - PromisesObjC (2.4.1)
  - PromisesSwift (2.4.1):
    - PromisesObjC (= 2.4.1)
  - RecaptchaInterop (101.0.0)
  - SDWebImage (5.21.7):
    - SDWebImage/Core (= 5.21.7)
  - SDWebImage/Core (5.21.7)

DEPENDENCIES:
  - "Capacitor (from `../../node_modules/@capacitor/ios`)"
  - "CapacitorApp (from `../../node_modules/@capacitor/app`)"
  - CapacitorCloudkit (from `../../node_modules/capacitor-cloudkit`)
  - "CapacitorCommunityInAppReview (from `../../node_modules/@capacitor-community/in-app-review`)"
  - "CapacitorCommunityMedia (from `../../node_modules/@capacitor-community/media`)"
  - "CapacitorCordova (from `../../node_modules/@capacitor/ios`)"
  - "CapacitorDevice (from `../../node_modules/@capacitor/device`)"
  - "CapacitorFilesystem (from `../../node_modules/@capacitor/filesystem`)"
  - "CapacitorFirebaseAnalytics (from `../../node_modules/@capacitor-firebase/analytics`)"
  - "CapacitorFirebaseAnalytics/Analytics (from `../../node_modules/@capacitor-firebase/analytics`)"
  - "CapacitorFirebaseAuthentication (from `../../node_modules/@capacitor-firebase/authentication`)"
  - "CapacitorFirebaseAuthentication/Google (from `../../node_modules/@capacitor-firebase/authentication`)"
  - "CapacitorFirebaseMessaging (from `../../node_modules/@capacitor-firebase/messaging`)"
  - "CapacitorHaptics (from `../../node_modules/@capacitor/haptics`)"
  - "CapacitorKeyboard (from `../../node_modules/@capacitor/keyboard`)"
  - "CapacitorLocalNotifications (from `../../node_modules/@capacitor/local-notifications`)"
  - "CapacitorShare (from `../../node_modules/@capacitor/share`)"
  - "CapacitorStatusBar (from `../../node_modules/@capacitor/status-bar`)"
  - CapacitorWidgetsbridgePlugin (from `../../node_modules/capacitor-widgetsbridge-plugin`)
  - FirebaseCrashlytics

SPEC REPOS:
  trunk:
    - AppAuth
    - AppCheckCore
    - FirebaseAnalytics
    - FirebaseAppCheckInterop
    - FirebaseAuth
    - FirebaseAuthInterop
    - FirebaseCore
    - FirebaseCoreExtension
    - FirebaseCoreInternal
    - FirebaseCrashlytics
    - FirebaseInstallations
    - FirebaseMessaging
    - FirebaseRemoteConfigInterop
    - FirebaseSessions
    - GoogleAppMeasurement
    - GoogleDataTransport
    - GoogleSignIn
    - GoogleUtilities
    - GTMAppAuth
    - GTMSessionFetcher
    - IONFilesystemLib
    - nanopb
    - PromisesObjC
    - PromisesSwift
    - RecaptchaInterop
    - SDWebImage

EXTERNAL SOURCES:
  Capacitor:
    :path: "../../node_modules/@capacitor/ios"
  CapacitorApp:
    :path: "../../node_modules/@capacitor/app"
  CapacitorCloudkit:
    :path: "../../node_modules/capacitor-cloudkit"
  CapacitorCommunityInAppReview:
    :path: "../../node_modules/@capacitor-community/in-app-review"
  CapacitorCommunityMedia:
    :path: "../../node_modules/@capacitor-community/media"
  CapacitorCordova:
    :path: "../../node_modules/@capacitor/ios"
  CapacitorDevice:
    :path: "../../node_modules/@capacitor/device"
  CapacitorFilesystem:
    :path: "../../node_modules/@capacitor/filesystem"
  CapacitorFirebaseAnalytics:
    :path: "../../node_modules/@capacitor-firebase/analytics"
  CapacitorFirebaseAuthentication:
    :path: "../../node_modules/@capacitor-firebase/authentication"
  CapacitorFirebaseMessaging:
    :path: "../../node_modules/@capacitor-firebase/messaging"
  CapacitorHaptics:
    :path: "../../node_modules/@capacitor/haptics"
  CapacitorKeyboard:
    :path: "../../node_modules/@capacitor/keyboard"
  CapacitorLocalNotifications:
    :path: "../../node_modules/@capacitor/local-notifications"
  CapacitorShare:
    :path: "../../node_modules/@capacitor/share"
  CapacitorStatusBar:
    :path: "../../node_modules/@capacitor/status-bar"
  CapacitorWidgetsbridgePlugin:
    :path: "../../node_modules/capacitor-widgetsbridge-plugin"

SPEC CHECKSUMS:
  AppAuth: ef4da5a3fc2e10b90c09a0a94a9baeaedc0341d5
  AppCheckCore: be8fce5469f68d7f6a29aa94b25f097409ff7fdc
  Capacitor: 59aea4e8bd98b24b798919b4c55ae90c6ded1b0d
  CapacitorApp: 542f92c179e3e08ed5d787846bcfa1b377e9745e
  CapacitorCloudkit: 72c11901ecde439c789a3b3122040e4e629fe348
  CapacitorCommunityInAppReview: 2a4296ea3e7e4799a87340bd1161c173bd22f3bd
  CapacitorCommunityMedia: 8df4385e2dece6e0811badaab0fb155d1bcb9f69
  CapacitorCordova: 5bec5648cbd09a176ce34ce5e7b6cdabb2c8a327
  CapacitorDevice: e5599fa82274e59220170995826a16095ad20c40
  CapacitorFilesystem: 2f789f268b6be394c3fde3756afeccb91b31876a
  CapacitorFirebaseAnalytics: 3a8e56bb5dd0b8adf2ca251d6634c03a7ff9a744
  CapacitorFirebaseAuthentication: 4288f06aada77887b1a0d8f61fc0e4f674ebfd59
  CapacitorFirebaseMessaging: 88077ff6ecc86d1108cc12eb71932127c7176505
  CapacitorHaptics: 4e1e84c2b74fb5918e403fb8f0e73a07d05937df
  CapacitorKeyboard: d96c5f659eb0a33dfc734640252836fa9575e8ad
  CapacitorLocalNotifications: ab98bfae3fa8646b1fadd79485ce1be010dea21f
  CapacitorShare: c19ef886b846555a4eca4f085d4414b6cac91d4b
  CapacitorStatusBar: 9b98299f3d119657ea338c047e0b876714c213ad
  CapacitorWidgetsbridgePlugin: 9cbd51d11ed7b21e6666ec6b2df2a0014d48b418
  FirebaseAnalytics: e9f8c369447e453da23f0455a06e4910bad10de0
  FirebaseAppCheckInterop: bd4b791ffaed7ae719304af6369d243ddee5e4a0
  FirebaseAuth: 8c38236f67e5e3dd6aacf3e0c46b3eed31e9c820
  FirebaseAuthInterop: f1ad187a0052276ad49a990538accfdf36fc595d
  FirebaseCore: c990214798d7c568ad436a15ba7da25c7a278c9a
  FirebaseCoreExtension: 201c78d7491a273d61d8afbf491214276a951e6d
  FirebaseCoreInternal: 656b1c2fd5a1c5976183dc54b73deda78fb26ee3
  FirebaseCrashlytics: 5c8e09beebcd41913b35250cd0e533b58e4961a0
  FirebaseInstallations: f70a49eed611f5602f373e40974b3b01556ac217
  FirebaseMessaging: c15f48126adbe8b4d3238a5e1fa24bab3ad3e472
  FirebaseRemoteConfigInterop: 90659b3cac8f6de884f2d930fbdbeb711533e142
  FirebaseSessions: 39bcaa7c16b5d8b91d58f495f29ce2988d2f915c
  GoogleAppMeasurement: f2f676480e4c97936df934aa181bc29caea46975
  GoogleDataTransport: a24e58982ab3ba2f64d79613e027fe7f57e88539
  GoogleSignIn: e449a40a92e9f2eea56e98b5214d13725dc5a00a
  GoogleUtilities: db34c1c11c6f2eccb6fab2340cb8ceb1451299dc
  GTMAppAuth: 217a876b249c3c585a54fd6f73e6b58c4f5c4238
  GTMSessionFetcher: 5aea5ba6bd522a239e236100971f10cb71b96ab6
  IONFilesystemLib: 0a001124dedc317c03032d138aaefbf4c18adb09
  nanopb: fad817b59e0457d11a5dfbde799381cd727c1275
  PromisesObjC: 752c3227f599e3467650e47ea36f433eeb10c273
  PromisesSwift: 217dea0fd5d2ad65222a109c48698add13cc1c5b
  RecaptchaInterop: 11e0b637842dfb48308d242afc3f448062325aba
  SDWebImage: e9fc87c1aab89a8ab1bbd74eba378c6f53be8abf

PODFILE CHECKSUM: 44d29abfdae12543c69e24a75d18644750fc6068

COCOAPODS: 1.16.2
